// !$*UTF8*$!
{
	archiveVersion = 1;
	classes = {
	};
	objectVersion = 46;
	objects = {

/* Begin PBXBuildFile section */
		12A5F7B91E3CD69D0063ED47 /* AppDelegate.swift in Sources */ = {isa = PBXBuildFile; fileRef = 12A5F7B81E3CD69D0063ED47 /* AppDelegate.swift */; };
		12A5F7BE1E3CD69D0063ED47 /* Main.storyboard in Resources */ = {isa = PBXBuildFile; fileRef = 12A5F7BC1E3CD69D0063ED47 /* Main.storyboard */; };
		12A5F7C01E3CD69D0063ED47 /* Assets.xcassets in Resources */ = {isa = PBXBuildFile; fileRef = 12A5F7BF1E3CD69D0063ED47 /* Assets.xcassets */; };
		12A5F7C31E3CD69D0063ED47 /* LaunchScreen.storyboard in Resources */ = {isa = PBXBuildFile; fileRef = 12A5F7C11E3CD69D0063ED47 /* LaunchScreen.storyboard */; };
		12A5F7CE1E3CD69E0063ED47 /* TacoPOPTests.swift in Sources */ = {isa = PBXBuildFile; fileRef = 12A5F7CD1E3CD69E0063ED47 /* TacoPOPTests.swift */; };
		12A5F7DF1E3CD7360063ED47 /* MainVC.swift in Sources */ = {isa = PBXBuildFile; fileRef = 12A5F7DE1E3CD7360063ED47 /* MainVC.swift */; };
		12A5F7E11E3CD8E10063ED47 /* DropShadow.swift in Sources */ = {isa = PBXBuildFile; fileRef = 12A5F7E01E3CD8E10063ED47 /* DropShadow.swift */; };
		12A5F7E31E3CD9DB0063ED47 /* HeaderView.swift in Sources */ = {isa = PBXBuildFile; fileRef = 12A5F7E21E3CD9DB0063ED47 /* HeaderView.swift */; };
		12A5F7E51E3CDB1D0063ED47 /* Taco.swift in Sources */ = {isa = PBXBuildFile; fileRef = 12A5F7E41E3CDB1D0063ED47 /* Taco.swift */; };
/* End PBXBuildFile section */

/* Begin PBXContainerItemProxy section */
		12A5F7CA1E3CD69D0063ED47 /* PBXContainerItemProxy */ = {
			isa = PBXContainerItemProxy;
			containerPortal = 12A5F7AD1E3CD69D0063ED47 /* Project object */;
			proxyType = 1;
			remoteGlobalIDString = 12A5F7B41E3CD69D0063ED47;
			remoteInfo = TacoPOP;
		};
/* End PBXContainerItemProxy section */

/* Begin PBXFileReference section */
		12A5F7B51E3CD69D0063ED47 /* TacoPOP.app */ = {isa = PBXFileReference; explicitFileType = wrapper.application; includeInIndex = 0; path = TacoPOP.app; sourceTree = BUILT_PRODUCTS_DIR; };
		12A5F7B81E3CD69D0063ED47 /* AppDelegate.swift */ = {isa = PBXFileReference; lastKnownFileType = sourcecode.swift; path = AppDelegate.swift; sourceTree = "<group>"; };
		12A5F7BD1E3CD69D0063ED47 /* Base */ = {isa = PBXFileReference; lastKnownFileType = file.storyboard; name = Base; path = Base.lproj/Main.storyboard; sourceTree = "<group>"; };
		12A5F7BF1E3CD69D0063ED47 /* Assets.xcassets */ = {isa = PBXFileReference; lastKnownFileType = folder.assetcatalog; path = Assets.xcassets; sourceTree = "<group>"; };
		12A5F7C21E3CD69D0063ED47 /* Base */ = {isa = PBXFileReference; lastKnownFileType = file.storyboard; name = Base; path = Base.lproj/LaunchScreen.storyboard; sourceTree = "<group>"; };
		12A5F7C41E3CD69D0063ED47 /* Info.plist */ = {isa = PBXFileReference; lastKnownFileType = text.plist.xml; path = Info.plist; sourceTree = "<group>"; };
		12A5F7C91E3CD69D0063ED47 /* TacoPOPTests.xctest */ = {isa = PBXFileReference; explicitFileType = wrapper.cfbundle; includeInIndex = 0; path = TacoPOPTests.xctest; sourceTree = BUILT_PRODUCTS_DIR; };
		12A5F7CD1E3CD69E0063ED47 /* TacoPOPTests.swift */ = {isa = PBXFileReference; lastKnownFileType = sourcecode.swift; path = TacoPOPTests.swift; sourceTree = "<group>"; };
		12A5F7CF1E3CD69E0063ED47 /* Info.plist */ = {isa = PBXFileReference; lastKnownFileType = text.plist.xml; path = Info.plist; sourceTree = "<group>"; };
		12A5F7DE1E3CD7360063ED47 /* MainVC.swift */ = {isa = PBXFileReference; fileEncoding = 4; lastKnownFileType = sourcecode.swift; path = MainVC.swift; sourceTree = "<group>"; };
		12A5F7E01E3CD8E10063ED47 /* DropShadow.swift */ = {isa = PBXFileReference; fileEncoding = 4; lastKnownFileType = sourcecode.swift; path = DropShadow.swift; sourceTree = "<group>"; };
		12A5F7E21E3CD9DB0063ED47 /* HeaderView.swift */ = {isa = PBXFileReference; fileEncoding = 4; lastKnownFileType = sourcecode.swift; path = HeaderView.swift; sourceTree = "<group>"; };
		12A5F7E41E3CDB1D0063ED47 /* Taco.swift */ = {isa = PBXFileReference; fileEncoding = 4; lastKnownFileType = sourcecode.swift; path = Taco.swift; sourceTree = "<group>"; };
/* End PBXFileReference section */

/* Begin PBXFrameworksBuildPhase section */
		12A5F7B21E3CD69D0063ED47 /* Frameworks */ = {
			isa = PBXFrameworksBuildPhase;
			buildActionMask = 2147483647;
			files = (
			);
			runOnlyForDeploymentPostprocessing = 0;
		};
		12A5F7C61E3CD69D0063ED47 /* Frameworks */ = {
			isa = PBXFrameworksBuildPhase;
			buildActionMask = 2147483647;
			files = (
			);
			runOnlyForDeploymentPostprocessing = 0;
		};
/* End PBXFrameworksBuildPhase section */

/* Begin PBXGroup section */
		12A5F7AC1E3CD69D0063ED47 = {
			isa = PBXGroup;
			children = (
				12A5F7B71E3CD69D0063ED47 /* TacoPOP */,
				12A5F7CC1E3CD69E0063ED47 /* TacoPOPTests */,
				12A5F7B61E3CD69D0063ED47 /* Products */,
			);
			sourceTree = "<group>";
		};
		12A5F7B61E3CD69D0063ED47 /* Products */ = {
			isa = PBXGroup;
			children = (
				12A5F7B51E3CD69D0063ED47 /* TacoPOP.app */,
				12A5F7C91E3CD69D0063ED47 /* TacoPOPTests.xctest */,
			);
			name = Products;
			sourceTree = "<group>";
		};
		12A5F7B71E3CD69D0063ED47 /* TacoPOP */ = {
			isa = PBXGroup;
			children = (
				12A5F7DD1E3CD6ED0063ED47 /* Extensions */,
				12A5F7DC1E3CD6E20063ED47 /* Protocols */,
				12A5F7DA1E3CD6C30063ED47 /* Model */,
				12A5F7D91E3CD6BD0063ED47 /* View */,
				12A5F7D81E3CD6B70063ED47 /* Controller */,
				12A5F7DB1E3CD6CA0063ED47 /* Resources */,
			);
			path = TacoPOP;
			sourceTree = "<group>";
		};
		12A5F7CC1E3CD69E0063ED47 /* TacoPOPTests */ = {
			isa = PBXGroup;
			children = (
				12A5F7CD1E3CD69E0063ED47 /* TacoPOPTests.swift */,
				12A5F7CF1E3CD69E0063ED47 /* Info.plist */,
			);
			path = TacoPOPTests;
			sourceTree = "<group>";
		};
		12A5F7D81E3CD6B70063ED47 /* Controller */ = {
			isa = PBXGroup;
			children = (
				12A5F7B81E3CD69D0063ED47 /* AppDelegate.swift */,
				12A5F7DE1E3CD7360063ED47 /* MainVC.swift */,
			);
			name = Controller;
			sourceTree = "<group>";
		};
		12A5F7D91E3CD6BD0063ED47 /* View */ = {
			isa = PBXGroup;
			children = (
				12A5F7BC1E3CD69D0063ED47 /* Main.storyboard */,
				12A5F7C11E3CD69D0063ED47 /* LaunchScreen.storyboard */,
				12A5F7E21E3CD9DB0063ED47 /* HeaderView.swift */,
			);
			name = View;
			sourceTree = "<group>";
		};
		12A5F7DA1E3CD6C30063ED47 /* Model */ = {
			isa = PBXGroup;
			children = (
				12A5F7E41E3CDB1D0063ED47 /* Taco.swift */,
			);
			name = Model;
			sourceTree = "<group>";
		};
		12A5F7DB1E3CD6CA0063ED47 /* Resources */ = {
			isa = PBXGroup;
			children = (
				12A5F7BF1E3CD69D0063ED47 /* Assets.xcassets */,
				12A5F7C41E3CD69D0063ED47 /* Info.plist */,
			);
			name = Resources;
			sourceTree = "<group>";
		};
		12A5F7DC1E3CD6E20063ED47 /* Protocols */ = {
			isa = PBXGroup;
			children = (
				12A5F7E01E3CD8E10063ED47 /* DropShadow.swift */,
			);
			name = Protocols;
			sourceTree = "<group>";
		};
		12A5F7DD1E3CD6ED0063ED47 /* Extensions */ = {
			isa = PBXGroup;
			children = (
			);
			name = Extensions;
			sourceTree = "<group>";
		};
/* End PBXGroup section */

/* Begin PBXNativeTarget section */
		12A5F7B41E3CD69D0063ED47 /* TacoPOP */ = {
			isa = PBXNativeTarget;
			buildConfigurationList = 12A5F7D21E3CD69E0063ED47 /* Build configuration list for PBXNativeTarget "TacoPOP" */;
			buildPhases = (
				12A5F7B11E3CD69D0063ED47 /* Sources */,
				12A5F7B21E3CD69D0063ED47 /* Frameworks */,
				12A5F7B31E3CD69D0063ED47 /* Resources */,
			);
			buildRules = (
			);
			dependencies = (
			);
			name = TacoPOP;
			productName = TacoPOP;
			productReference = 12A5F7B51E3CD69D0063ED47 /* TacoPOP.app */;
			productType = "com.apple.product-type.application";
		};
		12A5F7C81E3CD69D0063ED47 /* TacoPOPTests */ = {
			isa = PBXNativeTarget;
			buildConfigurationList = 12A5F7D51E3CD69E0063ED47 /* Build configuration list for PBXNativeTarget "TacoPOPTests" */;
			buildPhases = (
				12A5F7C51E3CD69D0063ED47 /* Sources */,
				12A5F7C61E3CD69D0063ED47 /* Frameworks */,
				12A5F7C71E3CD69D0063ED47 /* Resources */,
			);
			buildRules = (
			);
			dependencies = (
				12A5F7CB1E3CD69D0063ED47 /* PBXTargetDependency */,
			);
			name = TacoPOPTests;
			productName = TacoPOPTests;
			productReference = 12A5F7C91E3CD69D0063ED47 /* TacoPOPTests.xctest */;
			productType = "com.apple.product-type.bundle.unit-test";
		};
/* End PBXNativeTarget section */

/* Begin PBXProject section */
		12A5F7AD1E3CD69D0063ED47 /* Project object */ = {
			isa = PBXProject;
			attributes = {
				LastSwiftUpdateCheck = 0820;
				LastUpgradeCheck = 0820;
				ORGANIZATIONNAME = "Alexander Steen";
				TargetAttributes = {
					12A5F7B41E3CD69D0063ED47 = {
						CreatedOnToolsVersion = 8.2.1;
						DevelopmentTeam = W38H733M9Q;
						ProvisioningStyle = Automatic;
					};
					12A5F7C81E3CD69D0063ED47 = {
						CreatedOnToolsVersion = 8.2.1;
						DevelopmentTeam = W38H733M9Q;
						ProvisioningStyle = Automatic;
						TestTargetID = 12A5F7B41E3CD69D0063ED47;
					};
				};
			};
			buildConfigurationList = 12A5F7B01E3CD69D0063ED47 /* Build configuration list for PBXProject "TacoPOP" */;
			compatibilityVersion = "Xcode 3.2";
			developmentRegion = English;
			hasScannedForEncodings = 0;
			knownRegions = (
				en,
				Base,
			);
			mainGroup = 12A5F7AC1E3CD69D0063ED47;
			productRefGroup = 12A5F7B61E3CD69D0063ED47 /* Products */;
			projectDirPath = "";
			projectRoot = "";
			targets = (
				12A5F7B41E3CD69D0063ED47 /* TacoPOP */,
				12A5F7C81E3CD69D0063ED47 /* TacoPOPTests */,
			);
		};
/* End PBXProject section */

/* Begin PBXResourcesBuildPhase section */
		12A5F7B31E3CD69D0063ED47 /* Resources */ = {
			isa = PBXResourcesBuildPhase;
			buildActionMask = 2147483647;
			files = (
				12A5F7C31E3CD69D0063ED47 /* LaunchScreen.storyboard in Resources */,
				12A5F7C01E3CD69D0063ED47 /* Assets.xcassets in Resources */,
				12A5F7BE1E3CD69D0063ED47 /* Main.storyboard in Resources */,
			);
			runOnlyForDeploymentPostprocessing = 0;
		};
		12A5F7C71E3CD69D0063ED47 /* Resources */ = {
			isa = PBXResourcesBuildPhase;
			buildActionMask = 2147483647;
			files = (
			);
			runOnlyForDeploymentPostprocessing = 0;
		};
/* End PBXResourcesBuildPhase section */

/* Begin PBXSourcesBuildPhase section */
		12A5F7B11E3CD69D0063ED47 /* Sources */ = {
			isa = PBXSourcesBuildPhase;
			buildActionMask = 2147483647;
			files = (
				12A5F7B91E3CD69D0063ED47 /* AppDelegate.swift in Sources */,
				12A5F7E11E3CD8E10063ED47 /* DropShadow.swift in Sources */,
				12A5F7DF1E3CD7360063ED47 /* MainVC.swift in Sources */,
				12A5F7E51E3CDB1D0063ED47 /* Taco.swift in Sources */,
				12A5F7E31E3CD9DB0063ED47 /* HeaderView.swift in Sources */,
			);
			runOnlyForDeploymentPostprocessing = 0;
		};
		12A5F7C51E3CD69D0063ED47 /* Sources */ = {
			isa = PBXSourcesBuildPhase;
			buildActionMask = 2147483647;
			files = (
				12A5F7CE1E3CD69E0063ED47 /* TacoPOPTests.swift in Sources */,
			);
			runOnlyForDeploymentPostprocessing = 0;
		};
/* End PBXSourcesBuildPhase section */

/* Begin PBXTargetDependency section */
		12A5F7CB1E3CD69D0063ED47 /* PBXTargetDependency */ = {
			isa = PBXTargetDependency;
			target = 12A5F7B41E3CD69D0063ED47 /* TacoPOP */;
			targetProxy = 12A5F7CA1E3CD69D0063ED47 /* PBXContainerItemProxy */;
		};
/* End PBXTargetDependency section */

/* Begin PBXVariantGroup section */
		12A5F7BC1E3CD69D0063ED47 /* Main.storyboard */ = {
			isa = PBXVariantGroup;
			children = (
				12A5F7BD1E3CD69D0063ED47 /* Base */,
			);
			name = Main.storyboard;
			sourceTree = "<group>";
		};
		12A5F7C11E3CD69D0063ED47 /* LaunchScreen.storyboard */ = {
			isa = PBXVariantGroup;
			children = (
				12A5F7C21E3CD69D0063ED47 /* Base */,
			);
			name = LaunchScreen.storyboard;
			sourceTree = "<group>";
		};
/* End PBXVariantGroup section */

/* Begin XCBuildConfiguration section */
		12A5F7D01E3CD69E0063ED47 /* Debug */ = {
			isa = XCBuildConfiguration;
			buildSettings = {
				ALWAYS_SEARCH_USER_PATHS = NO;
				CLANG_ANALYZER_NONNULL = YES;
				CLANG_CXX_LANGUAGE_STANDARD = "gnu++0x";
				CLANG_CXX_LIBRARY = "libc++";
				CLANG_ENABLE_MODULES = YES;
				CLANG_ENABLE_OBJC_ARC = YES;
				CLANG_WARN_BOOL_CONVERSION = YES;
				CLANG_WARN_CONSTANT_CONVERSION = YES;
				CLANG_WARN_DIRECT_OBJC_ISA_USAGE = YES_ERROR;
				CLANG_WARN_DOCUMENTATION_COMMENTS = YES;
				CLANG_WARN_EMPTY_BODY = YES;
				CLANG_WARN_ENUM_CONVERSION = YES;
				CLANG_WARN_INFINITE_RECURSION = YES;
				CLANG_WARN_INT_CONVERSION = YES;
				CLANG_WARN_OBJC_ROOT_CLASS = YES_ERROR;
				CLANG_WARN_SUSPICIOUS_MOVE = YES;
				CLANG_WARN_UNREACHABLE_CODE = YES;
				CLANG_WARN__DUPLICATE_METHOD_MATCH = YES;
				"CODE_SIGN_IDENTITY[sdk=iphoneos*]" = "iPhone Developer";
				COPY_PHASE_STRIP = NO;
				DEBUG_INFORMATION_FORMAT = dwarf;
				ENABLE_STRICT_OBJC_MSGSEND = YES;
				ENABLE_TESTABILITY = YES;
				GCC_C_LANGUAGE_STANDARD = gnu99;
				GCC_DYNAMIC_NO_PIC = NO;
				GCC_NO_COMMON_BLOCKS = YES;
				GCC_OPTIMIZATION_LEVEL = 0;
				GCC_PREPROCESSOR_DEFINITIONS = (
					"DEBUG=1",
					"$(inherited)",
				);
				GCC_WARN_64_TO_32_BIT_CONVERSION = YES;
				GCC_WARN_ABOUT_RETURN_TYPE = YES_ERROR;
				GCC_WARN_UNDECLARED_SELECTOR = YES;
				GCC_WARN_UNINITIALIZED_AUTOS = YES_AGGRESSIVE;
				GCC_WARN_UNUSED_FUNCTION = YES;
				GCC_WARN_UNUSED_VARIABLE = YES;
				IPHONEOS_DEPLOYMENT_TARGET = 10.2;
				MTL_ENABLE_DEBUG_INFO = YES;
				ONLY_ACTIVE_ARCH = YES;
				SDKROOT = iphoneos;
				SWIFT_ACTIVE_COMPILATION_CONDITIONS = DEBUG;
				SWIFT_OPTIMIZATION_LEVEL = "-Onone";
			};
			name = Debug;
		};
		12A5F7D11E3CD69E0063ED47 /* Release */ = {
			isa = XCBuildConfiguration;
			buildSettings = {
				ALWAYS_SEARCH_USER_PATHS = NO;
				CLANG_ANALYZER_NONNULL = YES;
				CLANG_CXX_LANGUAGE_STANDARD = "gnu++0x";
				CLANG_CXX_LIBRARY = "libc++";
				CLANG_ENABLE_MODULES = YES;
				CLANG_ENABLE_OBJC_ARC = YES;
				CLANG_WARN_BOOL_CONVERSION = YES;
				CLANG_WARN_CONSTANT_CONVERSION = YES;
				CLANG_WARN_DIRECT_OBJC_ISA_USAGE = YES_ERROR;
				CLANG_WARN_DOCUMENTATION_COMMENTS = YES;
				CLANG_WARN_EMPTY_BODY = YES;
				CLANG_WARN_ENUM_CONVERSION = YES;
				CLANG_WARN_INFINITE_RECURSION = YES;
				CLANG_WARN_INT_CONVERSION = YES;
				CLANG_WARN_OBJC_ROOT_CLASS = YES_ERROR;
				CLANG_WARN_SUSPICIOUS_MOVE = YES;
				CLANG_WARN_UNREACHABLE_CODE = YES;
				CLANG_WARN__DUPLICATE_METHOD_MATCH = YES;
				"CODE_SIGN_IDENTITY[sdk=iphoneos*]" = "iPhone Developer";
				COPY_PHASE_STRIP = NO;
				DEBUG_INFORMATION_FORMAT = "dwarf-with-dsym";
				ENABLE_NS_ASSERTIONS = NO;
				ENABLE_STRICT_OBJC_MSGSEND = YES;
				GCC_C_LANGUAGE_STANDARD = gnu99;
				GCC_NO_COMMON_BLOCKS = YES;
				GCC_WARN_64_TO_32_BIT_CONVERSION = YES;
				GCC_WARN_ABOUT_RETURN_TYPE = YES_ERROR;
				GCC_WARN_UNDECLARED_SELECTOR = YES;
				GCC_WARN_UNINITIALIZED_AUTOS = YES_AGGRESSIVE;
				GCC_WARN_UNUSED_FUNCTION = YES;
				GCC_WARN_UNUSED_VARIABLE = YES;
				IPHONEOS_DEPLOYMENT_TARGET = 10.2;
				MTL_ENABLE_DEBUG_INFO = NO;
				SDKROOT = iphoneos;
				SWIFT_OPTIMIZATION_LEVEL = "-Owholemodule";
				VALIDATE_PRODUCT = YES;
			};
			name = Release;
		};
		12A5F7D31E3CD69E0063ED47 /* Debug */ = {
			isa = XCBuildConfiguration;
			buildSettings = {
				ASSETCATALOG_COMPILER_APPICON_NAME = AppIcon;
				DEVELOPMENT_TEAM = W38H733M9Q;
				INFOPLIST_FILE = TacoPOP/Info.plist;
				LD_RUNPATH_SEARCH_PATHS = "$(inherited) @executable_path/Frameworks";
				PRODUCT_BUNDLE_IDENTIFIER = steen.alexander.TacoPOP;
				PRODUCT_NAME = "$(TARGET_NAME)";
				SWIFT_VERSION = 3.0;
			};
			name = Debug;
		};
		12A5F7D41E3CD69E0063ED47 /* Release */ = {
			isa = XCBuildConfiguration;
			buildSettings = {
				ASSETCATALOG_COMPILER_APPICON_NAME = AppIcon;
				DEVELOPMENT_TEAM = W38H733M9Q;
				INFOPLIST_FILE = TacoPOP/Info.plist;
				LD_RUNPATH_SEARCH_PATHS = "$(inherited) @executable_path/Frameworks";
				PRODUCT_BUNDLE_IDENTIFIER = steen.alexander.TacoPOP;
				PRODUCT_NAME = "$(TARGET_NAME)";
				SWIFT_VERSION = 3.0;
			};
			name = Release;
		};
		12A5F7D61E3CD69E0063ED47 /* Debug */ = {
			isa = XCBuildConfiguration;
			buildSettings = {
				ALWAYS_EMBED_SWIFT_STANDARD_LIBRARIES = YES;
				BUNDLE_LOADER = "$(TEST_HOST)";
				DEVELOPMENT_TEAM = W38H733M9Q;
				INFOPLIST_FILE = TacoPOPTests/Info.plist;
				LD_RUNPATH_SEARCH_PATHS = "$(inherited) @executable_path/Frameworks @loader_path/Frameworks";
				PRODUCT_BUNDLE_IDENTIFIER = steen.alexander.TacoPOPTests;
				PRODUCT_NAME = "$(TARGET_NAME)";
				SWIFT_VERSION = 3.0;
				TEST_HOST = "$(BUILT_PRODUCTS_DIR)/TacoPOP.app/TacoPOP";
			};
			name = Debug;
		};
		12A5F7D71E3CD69E0063ED47 /* Release */ = {
			isa = XCBuildConfiguration;
			buildSettings = {
				ALWAYS_EMBED_SWIFT_STANDARD_LIBRARIES = YES;
				BUNDLE_LOADER = "$(TEST_HOST)";
				DEVELOPMENT_TEAM = W38H733M9Q;
				INFOPLIST_FILE = TacoPOPTests/Info.plist;
				LD_RUNPATH_SEARCH_PATHS = "$(inherited) @executable_path/Frameworks @loader_path/Frameworks";
				PRODUCT_BUNDLE_IDENTIFIER = steen.alexander.TacoPOPTests;
				PRODUCT_NAME = "$(TARGET_NAME)";
				SWIFT_VERSION = 3.0;
				TEST_HOST = "$(BUILT_PRODUCTS_DIR)/TacoPOP.app/TacoPOP";
			};
			name = Release;
		};
/* End XCBuildConfiguration section */

/* Begin XCConfigurationList section */
		12A5F7B01E3CD69D0063ED47 /* Build configuration list for PBXProject "TacoPOP" */ = {
			isa = XCConfigurationList;
			buildConfigurations = (
				12A5F7D01E3CD69E0063ED47 /* Debug */,
				12A5F7D11E3CD69E0063ED47 /* Release */,
			);
			defaultConfigurationIsVisible = 0;
			defaultConfigurationName = Release;
		};
		12A5F7D21E3CD69E0063ED47 /* Build configuration list for PBXNativeTarget "TacoPOP" */ = {
			isa = XCConfigurationList;
			buildConfigurations = (
				12A5F7D31E3CD69E0063ED47 /* Debug */,
				12A5F7D41E3CD69E0063ED47 /* Release */,
			);
			defaultConfigurationIsVisible = 0;
		};
		12A5F7D51E3CD69E0063ED47 /* Build configuration list for PBXNativeTarget "TacoPOPTests" */ = {
			isa = XCConfigurationList;
			buildConfigurations = (
				12A5F7D61E3CD69E0063ED47 /* Debug */,
				12A5F7D71E3CD69E0063ED47 /* Release */,
			);
			defaultConfigurationIsVisible = 0;
		};
/* End XCConfigurationList section */
	};
	rootObject = 12A5F7AD1E3CD69D0063ED47 /* Project object */;
}
